PODS:
  - Alamofire (4.7.0)
  - Masonry (1.1.0)
  - MBProgressHUD (1.1.0)
  - WebViewJavascriptBridge (6.0.3)

DEPENDENCIES:
  - Alamofire (~> 4.7.0)
  - Masonry
  - MBProgressHUD
  - WebViewJavascriptBridge

SPEC REPOS:
  https://github.com/cocoapods/specs.git:
    - Alamofire
    - Masonry
    - MBProgressHUD
    - WebViewJavascriptBridge

SPEC CHECKSUMS:
  Alamofire: 907e0a98eb68cdb7f9d1f541a563d6ac5dc77b25
  Masonry: 678fab65091a9290e40e2832a55e7ab731aad201
  MBProgressHUD: e7baa36a220447d8aeb12769bf0585582f3866d9
  WebViewJavascriptBridge: 7f5bc4d3581e672e8f32bd0f812d54bc69bb8e29

PODFILE CHECKSUM: e028e6119adddd7409cc862bb3ed87fb57b6d049

COCOAPODS: 1.5.3
